
Microsoft Visual Studio Solution File, Format Version 12.00
# Visual Studio 15
VisualStudioVersion = 15.0.27130.2026
MinimumVisualStudioVersion = 10.0.40219.1
Project("{FAE04EC0-301F-11D3-BF4B-00C04F79EFBC}") = "MidtownExtractor", "MidtownExtractor\MidtownExtractor.csproj", "{D34D9061-6EF6-4762-B3DF-C49D40FA96B1}"
EndProject
Global
	GlobalSection(SolutionConfigurationPlatforms) = preSolution
		Debug|Any CPU = Debug|Any CPU
		Release|Any CPU = Release|Any CPU
	EndGlobalSection
	GlobalSection(ProjectConfigurationPlatforms) = postSolution
		{D34D9061-6EF6-4762-B3DF-C49D40FA96B1}.Debug|Any CPU.ActiveCfg = Debug|Any CPU
		{D34D9061-6EF6-4762-B3DF-C49D40FA96B1}.Debug|Any CPU.Build.0 = Debug|Any CPU
		{D34D9061-6EF6-4762-B3DF-C49D40FA96B1}.Release|Any CPU.ActiveCfg = Release|Any CPU
		{D34D9061-6EF6-4762-B3DF-C49D40FA96B1}.Release|Any CPU.Build.0 = Release|Any CPU
	EndGlobalSection
	GlobalSection(SolutionProperties) = preSolution
		HideSolutionNode = FALSE
	EndGlobalSection
	GlobalSection(ExtensibilityGlobals) = postSolution
		SolutionGuid = {F95F8068-FF92-40C4-8EF8-5DFE97BA97DF}
	EndGlobalSection
EndGlobal
